PATH
  remote: .
  specs:
    tdd-guard-rspec (0.1.0)
      rspec (~> 3.0)

GEM
  remote: https://rubygems.org/
  specs:
    diff-lcs (1.6.2)
    rspec (3.13.2)
      rspec-core (~> 3.13.0)
      rspec-expectations (~> 3.13.0)
      rspec-mocks (~> 3.13.0)
    rspec-core (3.13.6)
      rspec-support (~> 3.13.0)
    rspec-expectations (3.13.5)
      diff-lcs (>= 1.2.0, < 2.0)
      rspec-support (~> 3.13.0)
    rspec-mocks (3.13.7)
      diff-lcs (>= 1.2.0, < 2.0)
      rspec-support (~> 3.13.0)
    rspec-support (3.13.7)

PLATFORMS
  ruby
  x86_64-linux

DEPENDENCIES
  tdd-guard-rspec!

CHECKSUMS
  diff-lcs (1.6.2)
  rspec (3.13.2)
  rspec-core (3.13.6)
  rspec-expectations (3.13.5)
  rspec-mocks (3.13.7)
  rspec-support (3.13.7)
  tdd-guard-rspec (0.1.0)

BUNDLED WITH
  4.0.6
